// !$*UTF8*$!
{
	archiveVersion = 1;
	classes = {
	};
	objectVersion = 77;
	objects = {

/* Begin PBXContainerItemProxy section */
		FCB9FC892CB976950087C421 /* PBXContainerItemProxy */ = {
			isa = PBXContainerItemProxy;
			containerPortal = FCB9FC6A2CB976920087C421 /* Project object */;
			proxyType = 1;
			remoteGlobalIDString = FCB9FC712CB976920087C421;
			remoteInfo = appEventCount;
		};
		FCB9FC932CB976950087C421 /* PBXContainerItemProxy */ = {
			isa = PBXContainerItemProxy;
			containerPortal = FCB9FC6A2CB976920087C421 /* Project object */;
			proxyType = 1;
			remoteGlobalIDString = FCB9FC712CB976920087C421;
			remoteInfo = appEventCount;
		};
/* End PBXContainerItemProxy section */

/* Begin PBXFileReference section */
		FCB9FC722CB976920087C421 /* appEventCount.app */ = {isa = PBXFileReference; explicitFileType = wrapper.application; includeInIndex = 0; path = appEventCount.app; sourceTree = BUILT_PRODUCTS_DIR; };
		FCB9FC882CB976950087C421 /* appEventCountTests.xctest */ = {isa = PBXFileReference; explicitFileType = wrapper.cfbundle; includeInIndex = 0; path = appEventCountTests.xctest; sourceTree = BUILT_PRODUCTS_DIR; };
		FCB9FC922CB976950087C421 /* appEventCountUITests.xctest */ = {isa = PBXFileReference; explicitFileType = wrapper.cfbundle; includeInIndex = 0; path = appEventCountUITests.xctest; sourceTree = BUILT_PRODUCTS_DIR; };
/* End PBXFileReference section */

/* Begin PBXFileSystemSynchronizedBuildFileExceptionSet section */
		FCB9FC9A2CB976950087C421 /* Exceptions for "appEventCount" folder in "appEventCount" target */ = {
			isa = PBXFileSystemSynchronizedBuildFileExceptionSet;
			membershipExceptions = (
				Info.plist,
			);
			target = FCB9FC712CB976920087C421 /* appEventCount */;
		};
/* End PBXFileSystemSynchronizedBuildFileExceptionSet section */

/* Begin PBXFileSystemSynchronizedRootGroup section */
		FCB9FC742CB976920087C421 /* appEventCount */ = {
			isa = PBXFileSystemSynchronizedRootGroup;
			exceptions = (
				FCB9FC9A2CB976950087C421 /* Exceptions for "appEventCount" folder in "appEventCount" target */,
			);
			path = appEventCount;
			sourceTree = "<group>";
		};
		FCB9FC8B2CB976950087C421 /* appEventCountTests */ = {
			isa = PBXFileSystemSynchronizedRootGroup;
			path = appEventCountTests;
			sourceTree = "<group>";
		};
		FCB9FC952CB976950087C421 /* appEventCountUITests */ = {
			isa = PBXFileSystemSynchronizedRootGroup;
			path = appEventCountUITests;
			sourceTree = "<group>";
		};
/* End PBXFileSystemSynchronizedRootGroup section */

/* Begin PBXFrameworksBuildPhase section */
		FCB9FC6F2CB976920087C421 /* Frameworks */ = {
			isa = PBXFrameworksBuildPhase;
			buildActionMask = 2147483647;
			files = (
			);
			runOnlyForDeploymentPostprocessing = 0;
		};
		FCB9FC852CB976950087C421 /* Frameworks */ = {
			isa = PBXFrameworksBuildPhase;
			buildActionMask = 2147483647;
			files = (
			);
			runOnlyForDeploymentPostprocessing = 0;
		};
		FCB9FC8F2CB976950087C421 /* Frameworks */ = {
			isa = PBXFrameworksBuildPhase;
			buildActionMask = 2147483647;
			files = (
			);
			runOnlyForDeploymentPostprocessing = 0;
		};
/* End PBXFrameworksBuildPhase section */

/* Begin PBXGroup section */
		FCB9FC692CB976920087C421 = {
			isa = PBXGroup;
			children = (
				FCB9FC742CB976920087C421 /* appEventCount */,
				FCB9FC8B2CB976950087C421 /* appEventCountTests */,
				FCB9FC952CB976950087C421 /* appEventCountUITests */,
				FCB9FC732CB976920087C421 /* Products */,
			);
			sourceTree = "<group>";
		};
		FCB9FC732CB976920087C421 /* Products */ = {
			isa = PBXGroup;
			children = (
				FCB9FC722CB976920087C421 /* appEventCount.app */,
				FCB9FC882CB976950087C421 /* appEventCountTests.xctest */,
				FCB9FC922CB976950087C421 /* appEventCountUITests.xctest */,
			);
			name = Products;
			sourceTree = "<group>";
		};
/* End PBXGroup section */

/* Begin PBXNativeTarget section */
		FCB9FC712CB976920087C421 /* appEventCount */ = {
			isa = PBXNativeTarget;
			buildConfigurationList = FCB9FC9B2CB976950087C421 /* Build configuration list for PBXNativeTarget "appEventCount" */;
			buildPhases = (
				FCB9FC6E2CB976920087C421 /* Sources */,
				FCB9FC6F2CB976920087C421 /* Frameworks */,
				FCB9FC702CB976920087C421 /* Resources */,
			);
			buildRules = (
			);
			dependencies = (
			);
			fileSystemSynchronizedGroups = (
				FCB9FC742CB976920087C421 /* appEventCount */,
			);
			name = appEventCount;
			packageProductDependencies = (
			);
			productName = appEventCount;
			productReference = FCB9FC722CB976920087C421 /* appEventCount.app */;
			productType = "com.apple.product-type.application";
		};
		FCB9FC872CB976950087C421 /* appEventCountTests */ = {
			isa = PBXNativeTarget;
			buildConfigurationList = FCB9FCA02CB976950087C421 /* Build configuration list for PBXNativeTarget "appEventCountTests" */;
			buildPhases = (
				FCB9FC842CB976950087C421 /* Sources */,
				FCB9FC852CB976950087C421 /* Frameworks */,
				FCB9FC862CB976950087C421 /* Resources */,
			);
			buildRules = (
			);
			dependencies = (
				FCB9FC8A2CB976950087C421 /* PBXTargetDependency */,
			);
			fileSystemSynchronizedGroups = (
				FCB9FC8B2CB976950087C421 /* appEventCountTests */,
			);
			name = appEventCountTests;
			packageProductDependencies = (
			);
			productName = appEventCountTests;
			productReference = FCB9FC882CB976950087C421 /* appEventCountTests.xctest */;
			productType = "com.apple.product-type.bundle.unit-test";
		};
		FCB9FC912CB976950087C421 /* appEventCountUITests */ = {
			isa = PBXNativeTarget;
			buildConfigurationList = FCB9FCA32CB976950087C421 /* Build configuration list for PBXNativeTarget "appEventCountUITests" */;
			buildPhases = (
				FCB9FC8E2CB976950087C421 /* Sources */,
				FCB9FC8F2CB976950087C421 /* Frameworks */,
				FCB9FC902CB976950087C421 /* Resources */,
			);
			buildRules = (
			);
			dependencies = (
				FCB9FC942CB976950087C421 /* PBXTargetDependency */,
			);
			fileSystemSynchronizedGroups = (
				FCB9FC952CB976950087C421 /* appEventCountUITests */,
			);
			name = appEventCountUITests;
			packageProductDependencies = (
			);
			productName = appEventCountUITests;
			productReference = FCB9FC922CB976950087C421 /* appEventCountUITests.xctest */;
			productType = "com.apple.product-type.bundle.ui-testing";
		};
/* End PBXNativeTarget section */

/* Begin PBXProject section */
		FCB9FC6A2CB976920087C421 /* Project object */ = {
			isa = PBXProject;
			attributes = {
				BuildIndependentTargetsInParallel = 1;
				LastSwiftUpdateCheck = 1600;
				LastUpgradeCheck = 1600;
				TargetAttributes = {
					FCB9FC712CB976920087C421 = {
						CreatedOnToolsVersion = 16.0;
					};
					FCB9FC872CB976950087C421 = {
						CreatedOnToolsVersion = 16.0;
						TestTargetID = FCB9FC712CB976920087C421;
					};
					FCB9FC912CB976950087C421 = {
						CreatedOnToolsVersion = 16.0;
						TestTargetID = FCB9FC712CB976920087C421;
					};
				};
			};
			buildConfigurationList = FCB9FC6D2CB976920087C421 /* Build configuration list for PBXProject "appEventCount" */;
			developmentRegion = en;
			hasScannedForEncodings = 0;
			knownRegions = (
				en,
				Base,
			);
			mainGroup = FCB9FC692CB976920087C421;
			minimizedProjectReferenceProxies = 1;
			preferredProjectObjectVersion = 77;
			productRefGroup = FCB9FC732CB976920087C421 /* Products */;
			projectDirPath = "";
			projectRoot = "";
			targets = (
				FCB9FC712CB976920087C421 /* appEventCount */,
				FCB9FC872CB976950087C421 /* appEventCountTests */,
				FCB9FC912CB976950087C421 /* appEventCountUITests */,
			);
		};
/* End PBXProject section */

/* Begin PBXResourcesBuildPhase section */
		FCB9FC702CB976920087C421 /* Resources */ = {
			isa = PBXResourcesBuildPhase;
			buildActionMask = 2147483647;
			files = (
			);
			runOnlyForDeploymentPostprocessing = 0;
		};
		FCB9FC862CB976950087C421 /* Resources */ = {
			isa = PBXResourcesBuildPhase;
			buildActionMask = 2147483647;
			files = (
			);
			runOnlyForDeploymentPostprocessing = 0;
		};
		FCB9FC902CB976950087C421 /* Resources */ = {
			isa = PBXResourcesBuildPhase;
			buildActionMask = 2147483647;
			files = (
			);
			runOnlyForDeploymentPostprocessing = 0;
		};
/* End PBXResourcesBuildPhase section */

/* Begin PBXSourcesBuildPhase section */
		FCB9FC6E2CB976920087C421 /* Sources */ = {
			isa = PBXSourcesBuildPhase;
			buildActionMask = 2147483647;
			files = (
			);
			runOnlyForDeploymentPostprocessing = 0;
		};
		FCB9FC842CB976950087C421 /* Sources */ = {
			isa = PBXSourcesBuildPhase;
			buildActionMask = 2147483647;
			files = (
			);
			runOnlyForDeploymentPostprocessing = 0;
		};
		FCB9FC8E2CB976950087C421 /* Sources */ = {
			isa = PBXSourcesBuildPhase;
			buildActionMask = 2147483647;
			files = (
			);
			runOnlyForDeploymentPostprocessing = 0;
		};
/* End PBXSourcesBuildPhase section */

/* Begin PBXTargetDependency section */
		FCB9FC8A2CB976950087C421 /* PBXTargetDependency */ = {
			isa = PBXTargetDependency;
			target = FCB9FC712CB976920087C421 /* appEventCount */;
			targetProxy = FCB9FC892CB976950087C421 /* PBXContainerItemProxy */;
		};
		FCB9FC942CB976950087C421 /* PBXTargetDependency */ = {
			isa = PBXTargetDependency;
			target = FCB9FC712CB976920087C421 /* appEventCount */;
			targetProxy = FCB9FC932CB976950087C421 /* PBXContainerItemProxy */;
		};
/* End PBXTargetDependency section */

/* Begin XCBuildConfiguration section */
		FCB9FC9C2CB976950087C421 /* Debug */ = {
			isa = XCBuildConfiguration;
			buildSettings = {
				ASSETCATALOG_COMPILER_APPICON_NAME = AppIcon;
				ASSETCATALOG_COMPILER_GLOBAL_ACCENT_COLOR_NAME = AccentColor;
				CODE_SIGN_STYLE = Automatic;
				CURRENT_PROJECT_VERSION = 1;
				DEVELOPMENT_TEAM = 3K2SH8U42L;
				GENERATE_INFOPLIST_FILE = YES;
				INFOPLIST_FILE = appEventCount/Info.plist;
				INFOPLIST_KEY_UIApplicationSupportsIndirectInputEvents = YES;
				INFOPLIST_KEY_UILaunchStoryboardName = LaunchScreen;
				INFOPLIST_KEY_UIMainStoryboardFile = Main;
				INFOPLIST_KEY_UISupportedInterfaceOrientations_iPad = "UIInterfaceOrientationPortrait UIInterfaceOrientationPortraitUpsideDown UIInterfaceOrientationLandscapeLeft UIInterfaceOrientationLandscapeRight";
				INFOPLIST_KEY_UISupportedInterfaceOrientations_iPhone = "UIInterfaceOrientationPortrait UIInterfaceOrientationLandscapeLeft UIInterfaceOrientationLandscapeRight";
				LD_RUNPATH_SEARCH_PATHS = (
					"$(inherited)",
					"@executable_path/Frameworks",
				);
				MARKETING_VERSION = 1.0;
				PRODUCT_BUNDLE_IDENTIFIER = com.dylanlouder.appEventCount;
				PRODUCT_NAME = "$(TARGET_NAME)";
				SWIFT_EMIT_LOC_STRINGS = YES;
				SWIFT_VERSION = 5.0;
				TARGETED_DEVICE_FAMILY = "1,2";
			};
			name = Debug;
		};
		FCB9FC9D2CB976950087C421 /* Release */ = {
			isa = XCBuildConfiguration;
			buildSettings = {
				ASSETCATALOG_COMPILER_APPICON_NAME = AppIcon;
				ASSETCATALOG_COMPILER_GLOBAL_ACCENT_COLOR_NAME = AccentColor;
				CODE_SIGN_STYLE = Automatic;
				CURRENT_PROJECT_VERSION = 1;
				DEVELOPMENT_TEAM = 3K2SH8U42L;
				GENERATE_INFOPLIST_FILE = YES;
				INFOPLIST_FILE = appEventCount/Info.plist;
				INFOPLIST_KEY_UIApplicationSupportsIndirectInputEvents = YES;
				INFOPLIST_KEY_UILaunchStoryboardName = LaunchScreen;
				INFOPLIST_KEY_UIMainStoryboardFile = Main;
				INFOPLIST_KEY_UISupportedInterfaceOrientations_iPad = "UIInterfaceOrientationPortrait UIInterfaceOrientationPortraitUpsideDown UIInterfaceOrientationLandscapeLeft UIInterfaceOrientationLandscapeRight";
				INFOPLIST_KEY_UISupportedInterfaceOrientations_iPhone = "UIInterfaceOrientationPortrait UIInterfaceOrientationLandscapeLeft UIInterfaceOrientationLandscapeRight";
				LD_RUNPATH_SEARCH_PATHS = (
					"$(inherited)",
					"@executable_path/Frameworks",
				);
				MARKETING_VERSION = 1.0;
				PRODUCT_BUNDLE_IDENTIFIER = com.dylanlouder.appEventCount;
				PRODUCT_NAME = "$(TARGET_NAME)";
				SWIFT_EMIT_LOC_STRINGS = YES;
				SWIFT_VERSION = 5.0;
				TARGETED_DEVICE_FAMILY = "1,2";
			};
			name = Release;
		};
		FCB9FC9E2CB976950087C421 /* Debug */ = {
			isa = XCBuildConfiguration;
			buildSettings = {
				ALWAYS_SEARCH_USER_PATHS = NO;
				ASSETCATALOG_COMPILER_GENERATE_SWIFT_ASSET_SYMBOL_EXTENSIONS = YES;
				CLANG_ANALYZER_NONNULL = YES;
				CLANG_ANALYZER_NUMBER_OBJECT_CONVERSION = YES_AGGRESSIVE;
				CLANG_CXX_LANGUAGE_STANDARD = "gnu++20";
				CLANG_ENABLE_MODULES = YES;
				CLANG_ENABLE_OBJC_ARC = YES;
				CLANG_ENABLE_OBJC_WEAK = YES;
				CLANG_WARN_BLOCK_CAPTURE_AUTORELEASING = YES;
				CLANG_WARN_BOOL_CONVERSION = YES;
				CLANG_WARN_COMMA = YES;
				CLANG_WARN_CONSTANT_CONVERSION = YES;
				CLANG_WARN_DEPRECATED_OBJC_IMPLEMENTATIONS = YES;
				CLANG_WARN_DIRECT_OBJC_ISA_USAGE = YES_ERROR;
				CLANG_WARN_DOCUMENTATION_COMMENTS = YES;
				CLANG_WARN_EMPTY_BODY = YES;
				CLANG_WARN_ENUM_CONVERSION = YES;
				CLANG_WARN_INFINITE_RECURSION = YES;
				CLANG_WARN_INT_CONVERSION = YES;
				CLANG_WARN_NON_LITERAL_NULL_CONVERSION = YES;
				CLANG_WARN_OBJC_IMPLICIT_RETAIN_SELF = YES;
				CLANG_WARN_OBJC_LITERAL_CONVERSION = YES;
				CLANG_WARN_OBJC_ROOT_CLASS = YES_ERROR;
				CLANG_WARN_QUOTED_INCLUDE_IN_FRAMEWORK_HEADER = YES;
				CLANG_WARN_RANGE_LOOP_ANALYSIS = YES;
				CLANG_WARN_STRICT_PROTOTYPES = YES;
				CLANG_WARN_SUSPICIOUS_MOVE = YES;
				CLANG_WARN_UNGUARDED_AVAILABILITY = YES_AGGRESSIVE;
				CLANG_WARN_UNREACHABLE_CODE = YES;
				CLANG_WARN__DUPLICATE_METHOD_MATCH = YES;
				COPY_PHASE_STRIP = NO;
				DEBUG_INFORMATION_FORMAT = dwarf;
				ENABLE_STRICT_OBJC_MSGSEND = YES;
				ENABLE_TESTABILITY = YES;
				ENABLE_USER_SCRIPT_SANDBOXING = YES;
				GCC_C_LANGUAGE_STANDARD = gnu17;
				GCC_DYNAMIC_NO_PIC = NO;
				GCC_NO_COMMON_BLOCKS = YES;
				GCC_OPTIMIZATION_LEVEL = 0;
				GCC_PREPROCESSOR_DEFINITIONS = (
					"DEBUG=1",
					"$(inherited)",
				);
				GCC_WARN_64_TO_32_BIT_CONVERSION = YES;
				GCC_WARN_ABOUT_RETURN_TYPE = YES_ERROR;
				GCC_WARN_UNDECLARED_SELECTOR = YES;
				GCC_WARN_UNINITIALIZED_AUTOS = YES_AGGRESSIVE;
				GCC_WARN_UNUSED_FUNCTION = YES;
				GCC_WARN_UNUSED_VARIABLE = YES;
				IPHONEOS_DEPLOYMENT_TARGET = 18.0;
				LOCALIZATION_PREFERS_STRING_CATALOGS = YES;
				MTL_ENABLE_DEBUG_INFO = INCLUDE_SOURCE;
				MTL_FAST_MATH = YES;
				ONLY_ACTIVE_ARCH = YES;
				SDKROOT = iphoneos;
				SWIFT_ACTIVE_COMPILATION_CONDITIONS = "DEBUG $(inherited)";
				SWIFT_OPTIMIZATION_LEVEL = "-Onone";
			};
			name = Debug;
		};
		FCB9FC9F2CB976950087C421 /* Release */ = {
			isa = XCBuildConfiguration;
			buildSettings = {
				ALWAYS_SEARCH_USER_PATHS = NO;
				ASSETCATALOG_COMPILER_GENERATE_SWIFT_ASSET_SYMBOL_EXTENSIONS = YES;
				CLANG_ANALYZER_NONNULL = YES;
				CLANG_ANALYZER_NUMBER_OBJECT_CONVERSION = YES_AGGRESSIVE;
				CLANG_CXX_LANGUAGE_STANDARD = "gnu++20";
				CLANG_ENABLE_MODULES = YES;
				CLANG_ENABLE_OBJC_ARC = YES;
				CLANG_ENABLE_OBJC_WEAK = YES;
				CLANG_WARN_BLOCK_CAPTURE_AUTORELEASING = YES;
				CLANG_WARN_BOOL_CONVERSION = YES;
				CLANG_WARN_COMMA = YES;
				CLANG_WARN_CONSTANT_CONVERSION = YES;
				CLANG_WARN_DEPRECATED_OBJC_IMPLEMENTATIONS = YES;
				CLANG_WARN_DIRECT_OBJC_ISA_USAGE = YES_ERROR;
				CLANG_WARN_DOCUMENTATION_COMMENTS = YES;
				CLANG_WARN_EMPTY_BODY = YES;
				CLANG_WARN_ENUM_CONVERSION = YES;
				CLANG_WARN_INFINITE_RECURSION = YES;
				CLANG_WARN_INT_CONVERSION = YES;
				CLANG_WARN_NON_LITERAL_NULL_CONVERSION = YES;
				CLANG_WARN_OBJC_IMPLICIT_RETAIN_SELF = YES;
				CLANG_WARN_OBJC_LITERAL_CONVERSION = YES;
				CLANG_WARN_OBJC_ROOT_CLASS = YES_ERROR;
				CLANG_WARN_QUOTED_INCLUDE_IN_FRAMEWORK_HEADER = YES;
				CLANG_WARN_RANGE_LOOP_ANALYSIS = YES;
				CLANG_WARN_STRICT_PROTOTYPES = YES;
				CLANG_WARN_SUSPICIOUS_MOVE = YES;
				CLANG_WARN_UNGUARDED_AVAILABILITY = YES_AGGRESSIVE;
				CLANG_WARN_UNREACHABLE_CODE = YES;
				CLANG_WARN__DUPLICATE_METHOD_MATCH = YES;
				COPY_PHASE_STRIP = NO;
				DEBUG_INFORMATION_FORMAT = "dwarf-with-dsym";
				ENABLE_NS_ASSERTIONS = NO;
				ENABLE_STRICT_OBJC_MSGSEND = YES;
				ENABLE_USER_SCRIPT_SANDBOXING = YES;
				GCC_C_LANGUAGE_STANDARD = gnu17;
				GCC_NO_COMMON_BLOCKS = YES;
				GCC_WARN_64_TO_32_BIT_CONVERSION = YES;
				GCC_WARN_ABOUT_RETURN_TYPE = YES_ERROR;
				GCC_WARN_UNDECLARED_SELECTOR = YES;
				GCC_WARN_UNINITIALIZED_AUTOS = YES_AGGRESSIVE;
				GCC_WARN_UNUSED_FUNCTION = YES;
				GCC_WARN_UNUSED_VARIABLE = YES;
				IPHONEOS_DEPLOYMENT_TARGET = 18.0;
				LOCALIZATION_PREFERS_STRING_CATALOGS = YES;
				MTL_ENABLE_DEBUG_INFO = NO;
				MTL_FAST_MATH = YES;
				SDKROOT = iphoneos;
				SWIFT_COMPILATION_MODE = wholemodule;
				VALIDATE_PRODUCT = YES;
			};
			name = Release;
		};
		FCB9FCA12CB976950087C421 /* Debug */ = {
			isa = XCBuildConfiguration;
			buildSettings = {
				BUNDLE_LOADER = "$(TEST_HOST)";
				CODE_SIGN_STYLE = Automatic;
				CURRENT_PROJECT_VERSION = 1;
				DEVELOPMENT_TEAM = 3K2SH8U42L;
				GENERATE_INFOPLIST_FILE = YES;
				IPHONEOS_DEPLOYMENT_TARGET = 18.0;
				MARKETING_VERSION = 1.0;
				PRODUCT_BUNDLE_IDENTIFIER = com.dylanlouder.appEventCountTests;
				PRODUCT_NAME = "$(TARGET_NAME)";
				SWIFT_EMIT_LOC_STRINGS = NO;
				SWIFT_VERSION = 5.0;
				TARGETED_DEVICE_FAMILY = "1,2";
				TEST_HOST = "$(BUILT_PRODUCTS_DIR)/appEventCount.app/$(BUNDLE_EXECUTABLE_FOLDER_PATH)/appEventCount";
			};
			name = Debug;
		};
		FCB9FCA22CB976950087C421 /* Release */ = {
			isa = XCBuildConfiguration;
			buildSettings = {
				BUNDLE_LOADER = "$(TEST_HOST)";
				CODE_SIGN_STYLE = Automatic;
				CURRENT_PROJECT_VERSION = 1;
				DEVELOPMENT_TEAM = 3K2SH8U42L;
				GENERATE_INFOPLIST_FILE = YES;
				IPHONEOS_DEPLOYMENT_TARGET = 18.0;
				MARKETING_VERSION = 1.0;
				PRODUCT_BUNDLE_IDENTIFIER = com.dylanlouder.appEventCountTests;
				PRODUCT_NAME = "$(TARGET_NAME)";
				SWIFT_EMIT_LOC_STRINGS = NO;
				SWIFT_VERSION = 5.0;
				TARGETED_DEVICE_FAMILY = "1,2";
				TEST_HOST = "$(BUILT_PRODUCTS_DIR)/appEventCount.app/$(BUNDLE_EXECUTABLE_FOLDER_PATH)/appEventCount";
			};
			name = Release;
		};
		FCB9FCA42CB976950087C421 /* Debug */ = {
			isa = XCBuildConfiguration;
			buildSettings = {
				CODE_SIGN_STYLE = Automatic;
				CURRENT_PROJECT_VERSION = 1;
				DEVELOPMENT_TEAM = 3K2SH8U42L;
				GENERATE_INFOPLIST_FILE = YES;
				MARKETING_VERSION = 1.0;
				PRODUCT_BUNDLE_IDENTIFIER = com.dylanlouder.appEventCountUITests;
				PRODUCT_NAME = "$(TARGET_NAME)";
				SWIFT_EMIT_LOC_STRINGS = NO;
				SWIFT_VERSION = 5.0;
				TARGETED_DEVICE_FAMILY = "1,2";
				TEST_TARGET_NAME = appEventCount;
			};
			name = Debug;
		};
		FCB9FCA52CB976950087C421 /* Release */ = {
			isa = XCBuildConfiguration;
			buildSettings = {
				CODE_SIGN_STYLE = Automatic;
				CURRENT_PROJECT_VERSION = 1;
				DEVELOPMENT_TEAM = 3K2SH8U42L;
				GENERATE_INFOPLIST_FILE = YES;
				MARKETING_VERSION = 1.0;
				PRODUCT_BUNDLE_IDENTIFIER = com.dylanlouder.appEventCountUITests;
				PRODUCT_NAME = "$(TARGET_NAME)";
				SWIFT_EMIT_LOC_STRINGS = NO;
				SWIFT_VERSION = 5.0;
				TARGETED_DEVICE_FAMILY = "1,2";
				TEST_TARGET_NAME = appEventCount;
			};
			name = Release;
		};
/* End XCBuildConfiguration section */

/* Begin XCConfigurationList section */
		FCB9FC6D2CB976920087C421 /* Build configuration list for PBXProject "appEventCount" */ = {
			isa = XCConfigurationList;
			buildConfigurations = (
				FCB9FC9E2CB976950087C421 /* Debug */,
				FCB9FC9F2CB976950087C421 /* Release */,
			);
			defaultConfigurationIsVisible = 0;
			defaultConfigurationName = Release;
		};
		FCB9FC9B2CB976950087C421 /* Build configuration list for PBXNativeTarget "appEventCount" */ = {
			isa = XCConfigurationList;
			buildConfigurations = (
				FCB9FC9C2CB976950087C421 /* Debug */,
				FCB9FC9D2CB976950087C421 /* Release */,
			);
			defaultConfigurationIsVisible = 0;
			defaultConfigurationName = Release;
		};
		FCB9FCA02CB976950087C421 /* Build configuration list for PBXNativeTarget "appEventCountTests" */ = {
			isa = XCConfigurationList;
			buildConfigurations = (
				FCB9FCA12CB976950087C421 /* Debug */,
				FCB9FCA22CB976950087C421 /* Release */,
			);
			defaultConfigurationIsVisible = 0;
			defaultConfigurationName = Release;
		};
		FCB9FCA32CB976950087C421 /* Build configuration list for PBXNativeTarget "appEventCountUITests" */ = {
			isa = XCConfigurationList;
			buildConfigurations = (
				FCB9FCA42CB976950087C421 /* Debug */,
				FCB9FCA52CB976950087C421 /* Release */,
			);
			defaultConfigurationIsVisible = 0;
			defaultConfigurationName = Release;
		};
/* End XCConfigurationList section */
	};
	rootObject = FCB9FC6A2CB976920087C421 /* Project object */;
}
